
Microsoft Visual Studio Solution File, Format Version 12.00
# Visual Studio 15
VisualStudioVersion = 15.0.27130.2020
MinimumVisualStudioVersion = 10.0.40219.1
Project("{FAE04EC0-301F-11D3-BF4B-00C04F79EFBC}") = "BasicWCF", "BasicWCF\BasicWCF.csproj", "{FB1E5158-9B2E-4432-A3F6-174EE6925DC0}"
EndProject
Project("{FAE04EC0-301F-11D3-BF4B-00C04F79EFBC}") = "SelfHost", "SelfHost\SelfHost.csproj", "{16D34BA5-11B4-4BA1-B0F7-9DAF8485D3BD}"
EndProject
Global
	GlobalSection(SolutionConfigurationPlatforms) = preSolution
		Debug|Any CPU = Debug|Any CPU
		Release|Any CPU = Release|Any CPU
	EndGlobalSection
	GlobalSection(ProjectConfigurationPlatforms) = postSolution
		{FB1E5158-9B2E-4432-A3F6-174EE6925DC0}.Debug|Any CPU.ActiveCfg = Debug|Any CPU
		{FB1E5158-9B2E-4432-A3F6-174EE6925DC0}.Debug|Any CPU.Build.0 = Debug|Any CPU
		{FB1E5158-9B2E-4432-A3F6-174EE6925DC0}.Release|Any CPU.ActiveCfg = Release|Any CPU
		{FB1E5158-9B2E-4432-A3F6-174EE6925DC0}.Release|Any CPU.Build.0 = Release|Any CPU
		{16D34BA5-11B4-4BA1-B0F7-9DAF8485D3BD}.Debug|Any CPU.ActiveCfg = Debug|Any CPU
		{16D34BA5-11B4-4BA1-B0F7-9DAF8485D3BD}.Debug|Any CPU.Build.0 = Debug|Any CPU
		{16D34BA5-11B4-4BA1-B0F7-9DAF8485D3BD}.Release|Any CPU.ActiveCfg = Release|Any CPU
		{16D34BA5-11B4-4BA1-B0F7-9DAF8485D3BD}.Release|Any CPU.Build.0 = Release|Any CPU
	EndGlobalSection
	GlobalSection(SolutionProperties) = preSolution
		HideSolutionNode = FALSE
	EndGlobalSection
	GlobalSection(ExtensibilityGlobals) = postSolution
		SolutionGuid = {AD23B854-AB01-4DAB-8DC7-BD3CEEA57BD7}
	EndGlobalSection
EndGlobal
